Microsoft Visual Studio Solution File, Format Version 7.00
Project("{FAE04EC0-301F-11D3-BF4B-00C04F79EFBC}") = "GuestBookTests", "GuestBookTests\GuestBookTests.csproj", "{77B6D875-67C3-440D-AF04-A6B726EFE92C}"
EndProject
Project("{FAE04EC0-301F-11D3-BF4B-00C04F79EFBC}") = "GuestBook", "http://localhost/NUnitAsp/sample/tutorial/GuestBook/GuestBook.csproj", "{719EA919-682E-4171-8D5A-F527A2C2DD3F}"
EndProject
Global
	GlobalSection(SolutionConfiguration) = preSolution
		ConfigName.0 = Clientele Package
		ConfigName.1 = Debug
		ConfigName.2 = Release
	EndGlobalSection
	GlobalSection(ProjectDependencies) = postSolution
	EndGlobalSection
	GlobalSection(ProjectConfiguration) = postSolution
		{77B6D875-67C3-440D-AF04-A6B726EFE92C}.Clientele Package.ActiveCfg = Release|.NET
		{77B6D875-67C3-440D-AF04-A6B726EFE92C}.Clientele Package.Build.0 = Release|.NET
		{77B6D875-67C3-440D-AF04-A6B726EFE92C}.Debug.ActiveCfg = Debug|.NET
		{77B6D875-67C3-440D-AF04-A6B726EFE92C}.Debug.Build.0 = Debug|.NET
		{77B6D875-67C3-440D-AF04-A6B726EFE92C}.Release.ActiveCfg = Release|.NET
		{77B6D875-67C3-440D-AF04-A6B726EFE92C}.Release.Build.0 = Release|.NET
		{719EA919-682E-4171-8D5A-F527A2C2DD3F}.Clientele Package.ActiveCfg = Release|.NET
		{719EA919-682E-4171-8D5A-F527A2C2DD3F}.Clientele Package.Build.0 = Release|.NET
		{719EA919-682E-4171-8D5A-F527A2C2DD3F}.Debug.ActiveCfg = Debug|.NET
		{719EA919-682E-4171-8D5A-F527A2C2DD3F}.Debug.Build.0 = Debug|.NET
		{719EA919-682E-4171-8D5A-F527A2C2DD3F}.Release.ActiveCfg = Release|.NET
		{719EA919-682E-4171-8D5A-F527A2C2DD3F}.Release.Build.0 = Release|.NET
	EndGlobalSection
	GlobalSection(ExtensibilityGlobals) = postSolution
	EndGlobalSection
	GlobalSection(ExtensibilityAddIns) = postSolution
	EndGlobalSection
EndGlobal
